
Microsoft Visual Studio Solution File, Format Version 12.00
# Visual Studio Version 17
VisualStudioVersion = 17.7.34003.232
MinimumVisualStudioVersion = 10.0.40219.1
Project("{9A19103F-16F7-4668-BE54-9A1E7A4F7556}") = "InteractingWithRedis", "InteractingWithRedis\InteractingWithRedis.csproj", "{F6C5A390-123C-46CD-87F4-CF2282015C69}"
EndProject
Project("{9A19103F-16F7-4668-BE54-9A1E7A4F7556}") = "CachingStrategies", "CachingStrategies\CachingStrategies.csproj", "{FE1F4290-6444-47F5-9D64-59839C38CD6C}"
EndProject
Project("{9A19103F-16F7-4668-BE54-9A1E7A4F7556}") = "AspNetCoreRedis", "AspNetCoreRedis\AspNetCoreRedis.csproj", "{DF6BFEA2-A520-44D7-8713-5F6667E37FA4}"
EndProject
Project("{9A19103F-16F7-4668-BE54-9A1E7A4F7556}") = "RedisWebApp", "RedisWebApp\RedisWebApp.csproj", "{A2495C58-9A38-4F68-8731-438404E481B9}"
EndProject
Project("{9A19103F-16F7-4668-BE54-9A1E7A4F7556}") = "RedisConfig", "RedisConfig\RedisConfig.csproj", "{D342DB00-BA5C-4179-87F2-750B00165F79}"
EndProject
Project("{FAE04EC0-301F-11D3-BF4B-00C04F79EFBC}") = "RedisWithOutputCaching", "RedisWithOutputCaching\RedisWithOutputCaching.csproj", "{FD30B7C9-C450-40D0-AAAD-F6BABC678FAC}"
EndProject
Global
	GlobalSection(SolutionConfigurationPlatforms) = preSolution
		Debug|Any CPU = Debug|Any CPU
		Release|Any CPU = Release|Any CPU
	EndGlobalSection
	GlobalSection(ProjectConfigurationPlatforms) = postSolution
		{F6C5A390-123C-46CD-87F4-CF2282015C69}.Debug|Any CPU.ActiveCfg = Debug|Any CPU
		{F6C5A390-123C-46CD-87F4-CF2282015C69}.Debug|Any CPU.Build.0 = Debug|Any CPU
		{F6C5A390-123C-46CD-87F4-CF2282015C69}.Release|Any CPU.ActiveCfg = Release|Any CPU
		{F6C5A390-123C-46CD-87F4-CF2282015C69}.Release|Any CPU.Build.0 = Release|Any CPU
		{FE1F4290-6444-47F5-9D64-59839C38CD6C}.Debug|Any CPU.ActiveCfg = Debug|Any CPU
		{FE1F4290-6444-47F5-9D64-59839C38CD6C}.Debug|Any CPU.Build.0 = Debug|Any CPU
		{FE1F4290-6444-47F5-9D64-59839C38CD6C}.Release|Any CPU.ActiveCfg = Release|Any CPU
		{FE1F4290-6444-47F5-9D64-59839C38CD6C}.Release|Any CPU.Build.0 = Release|Any CPU
		{DF6BFEA2-A520-44D7-8713-5F6667E37FA4}.Debug|Any CPU.ActiveCfg = Debug|Any CPU
		{DF6BFEA2-A520-44D7-8713-5F6667E37FA4}.Debug|Any CPU.Build.0 = Debug|Any CPU
		{DF6BFEA2-A520-44D7-8713-5F6667E37FA4}.Release|Any CPU.ActiveCfg = Release|Any CPU
		{DF6BFEA2-A520-44D7-8713-5F6667E37FA4}.Release|Any CPU.Build.0 = Release|Any CPU
		{A2495C58-9A38-4F68-8731-438404E481B9}.Debug|Any CPU.ActiveCfg = Debug|Any CPU
		{A2495C58-9A38-4F68-8731-438404E481B9}.Debug|Any CPU.Build.0 = Debug|Any CPU
		{A2495C58-9A38-4F68-8731-438404E481B9}.Release|Any CPU.ActiveCfg = Release|Any CPU
		{A2495C58-9A38-4F68-8731-438404E481B9}.Release|Any CPU.Build.0 = Release|Any CPU
		{D342DB00-BA5C-4179-87F2-750B00165F79}.Debug|Any CPU.ActiveCfg = Debug|Any CPU
		{D342DB00-BA5C-4179-87F2-750B00165F79}.Debug|Any CPU.Build.0 = Debug|Any CPU
		{D342DB00-BA5C-4179-87F2-750B00165F79}.Release|Any CPU.ActiveCfg = Release|Any CPU
		{D342DB00-BA5C-4179-87F2-750B00165F79}.Release|Any CPU.Build.0 = Release|Any CPU
		{FD30B7C9-C450-40D0-AAAD-F6BABC678FAC}.Debug|Any CPU.ActiveCfg = Debug|Any CPU
		{FD30B7C9-C450-40D0-AAAD-F6BABC678FAC}.Debug|Any CPU.Build.0 = Debug|Any CPU
		{FD30B7C9-C450-40D0-AAAD-F6BABC678FAC}.Release|Any CPU.ActiveCfg = Release|Any CPU
		{FD30B7C9-C450-40D0-AAAD-F6BABC678FAC}.Release|Any CPU.Build.0 = Release|Any CPU
	EndGlobalSection
	GlobalSection(SolutionProperties) = preSolution
		HideSolutionNode = FALSE
	EndGlobalSection
	GlobalSection(ExtensibilityGlobals) = postSolution
		SolutionGuid = {64419D8A-460F-4EC5-BF85-0A34256533FD}
	EndGlobalSection
EndGlobal
